
Microsoft Visual Studio Solution File, Format Version 12.00
# Visual Studio Version 17
VisualStudioVersion = 17.10.34902.84
MinimumVisualStudioVersion = 10.0.40219.1
Project("{FAE04EC0-301F-11D3-BF4B-00C04F79EFBC}") = "Winform2", "Winform2.csproj", "{CF1D909B-52C9-4D6E-A2F2-2B60B4BBAD14}"
EndProject
Global
	GlobalSection(SolutionConfigurationPlatforms) = preSolution
		Debug|Any CPU = Debug|Any CPU
		Release|Any CPU = Release|Any CPU
	EndGlobalSection
	GlobalSection(ProjectConfigurationPlatforms) = postSolution
		{CF1D909B-52C9-4D6E-A2F2-2B60B4BBAD14}.Debug|Any CPU.ActiveCfg = Debug|Any CPU
		{CF1D909B-52C9-4D6E-A2F2-2B60B4BBAD14}.Debug|Any CPU.Build.0 = Debug|Any CPU
		{CF1D909B-52C9-4D6E-A2F2-2B60B4BBAD14}.Release|Any CPU.ActiveCfg = Release|Any CPU
		{CF1D909B-52C9-4D6E-A2F2-2B60B4BBAD14}.Release|Any CPU.Build.0 = Release|Any CPU
	EndGlobalSection
	GlobalSection(SolutionProperties) = preSolution
		HideSolutionNode = FALSE
	EndGlobalSection
	GlobalSection(ExtensibilityGlobals) = postSolution
		SolutionGuid = {2812D06A-7B8F-4D47-890B-05208024DF3A}
	EndGlobalSection
EndGlobal
