
Microsoft Visual Studio Solution File, Format Version 12.00
# Visual Studio Version 17
VisualStudioVersion = 17.10.34902.84
MinimumVisualStudioVersion = 10.0.40219.1
Project("{FAE04EC0-301F-11D3-BF4B-00C04F79EFBC}") = "Bai2Winform", "Bai2Winform.csproj", "{0C5E86AE-6377-4521-BD7F-C1FFB17304DD}"
EndProject
Project("{FAE04EC0-301F-11D3-BF4B-00C04F79EFBC}") = "Form2ketiep", "..\Form2ketiep\Form2ketiep.csproj", "{6D2AD503-1D78-4ED7-B583-523BDEA69BDF}"
EndProject
Global
	GlobalSection(SolutionConfigurationPlatforms) = preSolution
		Debug|Any CPU = Debug|Any CPU
		Release|Any CPU = Release|Any CPU
	EndGlobalSection
	GlobalSection(ProjectConfigurationPlatforms) = postSolution
		{0C5E86AE-6377-4521-BD7F-C1FFB17304DD}.Debug|Any CPU.ActiveCfg = Debug|Any CPU
		{0C5E86AE-6377-4521-BD7F-C1FFB17304DD}.Debug|Any CPU.Build.0 = Debug|Any CPU
		{0C5E86AE-6377-4521-BD7F-C1FFB17304DD}.Release|Any CPU.ActiveCfg = Release|Any CPU
		{0C5E86AE-6377-4521-BD7F-C1FFB17304DD}.Release|Any CPU.Build.0 = Release|Any CPU
		{6D2AD503-1D78-4ED7-B583-523BDEA69BDF}.Debug|Any CPU.ActiveCfg = Debug|Any CPU
		{6D2AD503-1D78-4ED7-B583-523BDEA69BDF}.Debug|Any CPU.Build.0 = Debug|Any CPU
		{6D2AD503-1D78-4ED7-B583-523BDEA69BDF}.Release|Any CPU.ActiveCfg = Release|Any CPU
		{6D2AD503-1D78-4ED7-B583-523BDEA69BDF}.Release|Any CPU.Build.0 = Release|Any CPU
	EndGlobalSection
	GlobalSection(SolutionProperties) = preSolution
		HideSolutionNode = FALSE
	EndGlobalSection
	GlobalSection(ExtensibilityGlobals) = postSolution
		SolutionGuid = {46F2E18C-8AC4-4F2F-B27F-05BF6773EE42}
	EndGlobalSection
EndGlobal
