
Microsoft Visual Studio Solution File, Format Version 12.00
# Visual Studio Version 17
VisualStudioVersion = 17.10.34902.84
MinimumVisualStudioVersion = 10.0.40219.1
Project("{FAE04EC0-301F-11D3-BF4B-00C04F79EFBC}") = "slide4timedate", "slide4timedate.csproj", "{856A0B30-544A-4577-9FAB-701862F93E9A}"
EndProject
Global
	GlobalSection(SolutionConfigurationPlatforms) = preSolution
		Debug|Any CPU = Debug|Any CPU
		Release|Any CPU = Release|Any CPU
	EndGlobalSection
	GlobalSection(ProjectConfigurationPlatforms) = postSolution
		{856A0B30-544A-4577-9FAB-701862F93E9A}.Debug|Any CPU.ActiveCfg = Debug|Any CPU
		{856A0B30-544A-4577-9FAB-701862F93E9A}.Debug|Any CPU.Build.0 = Debug|Any CPU
		{856A0B30-544A-4577-9FAB-701862F93E9A}.Release|Any CPU.ActiveCfg = Release|Any CPU
		{856A0B30-544A-4577-9FAB-701862F93E9A}.Release|Any CPU.Build.0 = Release|Any CPU
	EndGlobalSection
	GlobalSection(SolutionProperties) = preSolution
		HideSolutionNode = FALSE
	EndGlobalSection
	GlobalSection(ExtensibilityGlobals) = postSolution
		SolutionGuid = {7F0645C4-5C1C-4F9A-A8BF-2D9C37179A0E}
	EndGlobalSection
EndGlobal
