
Microsoft Visual Studio Solution File, Format Version 12.00
# Visual Studio Version 17
VisualStudioVersion = 17.10.34902.84
MinimumVisualStudioVersion = 10.0.40219.1
Project("{FAE04EC0-301F-11D3-BF4B-00C04F79EFBC}") = "Menu", "Menu.csproj", "{F17DC48D-80B8-486A-93DB-0DB9261D8A42}"
EndProject
Global
	GlobalSection(SolutionConfigurationPlatforms) = preSolution
		Debug|Any CPU = Debug|Any CPU
		Release|Any CPU = Release|Any CPU
	EndGlobalSection
	GlobalSection(ProjectConfigurationPlatforms) = postSolution
		{F17DC48D-80B8-486A-93DB-0DB9261D8A42}.Debug|Any CPU.ActiveCfg = Debug|Any CPU
		{F17DC48D-80B8-486A-93DB-0DB9261D8A42}.Debug|Any CPU.Build.0 = Debug|Any CPU
		{F17DC48D-80B8-486A-93DB-0DB9261D8A42}.Release|Any CPU.ActiveCfg = Release|Any CPU
		{F17DC48D-80B8-486A-93DB-0DB9261D8A42}.Release|Any CPU.Build.0 = Release|Any CPU
	EndGlobalSection
	GlobalSection(SolutionProperties) = preSolution
		HideSolutionNode = FALSE
	EndGlobalSection
	GlobalSection(ExtensibilityGlobals) = postSolution
		SolutionGuid = {4C6FD5C4-C316-41F2-B0AF-D65AC8A7170A}
	EndGlobalSection
EndGlobal
